// !$*UTF8*$!
{
	archiveVersion = 1;
	classes = {
	};
	objectVersion = 50;
	objects = {

/* Begin PBXBuildFile section */
		771DE8DB245C831700C4F68E /* AppDelegate.swift in Sources */ = {isa = PBXBuildFile; fileRef = 771DE8DA245C831700C4F68E /* AppDelegate.swift */; };
		771DE8DD245C831700C4F68E /* SceneDelegate.swift in Sources */ = {isa = PBXBuildFile; fileRef = 771DE8DC245C831700C4F68E /* SceneDelegate.swift */; };
		771DE8DF245C831700C4F68E /* ContentView.swift in Sources */ = {isa = PBXBuildFile; fileRef = 771DE8DE245C831700C4F68E /* ContentView.swift */; };
		771DE8E1245C831F00C4F68E /* Assets.xcassets in Resources */ = {isa = PBXBuildFile; fileRef = 771DE8E0245C831F00C4F68E /* Assets.xcassets */; };
		771DE8E4245C831F00C4F68E /* Preview Assets.xcassets in Resources */ = {isa = PBXBuildFile; fileRef = 771DE8E3245C831F00C4F68E /* Preview Assets.xcassets */; };
		771DE8E7245C831F00C4F68E /* LaunchScreen.storyboard in Resources */ = {isa = PBXBuildFile; fileRef = 771DE8E5245C831F00C4F68E /* LaunchScreen.storyboard */; };
		771DE8F1245C847200C4F68E /* DetailView.swift in Sources */ = {isa = PBXBuildFile; fileRef = 771DE8F0245C847200C4F68E /* DetailView.swift */; };
		7769A6BA245C8F97001BF462 /* DashboardView.swift in Sources */ = {isa = PBXBuildFile; fileRef = 7769A6B9245C8F97001BF462 /* DashboardView.swift */; };
		7769A6BC245C8FFA001BF462 /* NewsView.swift in Sources */ = {isa = PBXBuildFile; fileRef = 7769A6BB245C8FFA001BF462 /* NewsView.swift */; };
/* End PBXBuildFile section */

/* Begin PBXFileReference section */
		771DE8D7245C831700C4F68E /* ViewLifeCycleMethods.app */ = {isa = PBXFileReference; explicitFileType = wrapper.application; includeInIndex = 0; path = ViewLifeCycleMethods.app; sourceTree = BUILT_PRODUCTS_DIR; };
		771DE8DA245C831700C4F68E /* AppDelegate.swift */ = {isa = PBXFileReference; lastKnownFileType = sourcecode.swift; path = AppDelegate.swift; sourceTree = "<group>"; };
		771DE8DC245C831700C4F68E /* SceneDelegate.swift */ = {isa = PBXFileReference; lastKnownFileType = sourcecode.swift; path = SceneDelegate.swift; sourceTree = "<group>"; };
		771DE8DE245C831700C4F68E /* ContentView.swift */ = {isa = PBXFileReference; lastKnownFileType = sourcecode.swift; path = ContentView.swift; sourceTree = "<group>"; };
		771DE8E0245C831F00C4F68E /* Assets.xcassets */ = {isa = PBXFileReference; lastKnownFileType = folder.assetcatalog; path = Assets.xcassets; sourceTree = "<group>"; };
		771DE8E3245C831F00C4F68E /* Preview Assets.xcassets */ = {isa = PBXFileReference; lastKnownFileType = folder.assetcatalog; path = "Preview Assets.xcassets"; sourceTree = "<group>"; };
		771DE8E6245C831F00C4F68E /* Base */ = {isa = PBXFileReference; lastKnownFileType = file.storyboard; name = Base; path = Base.lproj/LaunchScreen.storyboard; sourceTree = "<group>"; };
		771DE8E8245C831F00C4F68E /* Info.plist */ = {isa = PBXFileReference; lastKnownFileType = text.plist.xml; path = Info.plist; sourceTree = "<group>"; };
		771DE8F0245C847200C4F68E /* DetailView.swift */ = {isa = PBXFileReference; lastKnownFileType = sourcecode.swift; path = DetailView.swift; sourceTree = "<group>"; };
		7769A6B9245C8F97001BF462 /* DashboardView.swift */ = {isa = PBXFileReference; lastKnownFileType = sourcecode.swift; path = DashboardView.swift; sourceTree = "<group>"; };
		7769A6BB245C8FFA001BF462 /* NewsView.swift */ = {isa = PBXFileReference; lastKnownFileType = sourcecode.swift; path = NewsView.swift; sourceTree = "<group>"; };
/* End PBXFileReference section */

/* Begin PBXFrameworksBuildPhase section */
		771DE8D4245C831700C4F68E /* Frameworks */ = {
			isa = PBXFrameworksBuildPhase;
			buildActionMask = 2147483647;
			files = (
			);
			runOnlyForDeploymentPostprocessing = 0;
		};
/* End PBXFrameworksBuildPhase section */

/* Begin PBXGroup section */
		771DE8CE245C831700C4F68E = {
			isa = PBXGroup;
			children = (
				771DE8D9245C831700C4F68E /* ViewLifeCycleMethods */,
				771DE8D8245C831700C4F68E /* Products */,
			);
			sourceTree = "<group>";
		};
		771DE8D8245C831700C4F68E /* Products */ = {
			isa = PBXGroup;
			children = (
				771DE8D7245C831700C4F68E /* ViewLifeCycleMethods.app */,
			);
			name = Products;
			sourceTree = "<group>";
		};
		771DE8D9245C831700C4F68E /* ViewLifeCycleMethods */ = {
			isa = PBXGroup;
			children = (
				771DE8DA245C831700C4F68E /* AppDelegate.swift */,
				771DE8DC245C831700C4F68E /* SceneDelegate.swift */,
				7769A6BB245C8FFA001BF462 /* NewsView.swift */,
				771DE8DE245C831700C4F68E /* ContentView.swift */,
				7769A6B9245C8F97001BF462 /* DashboardView.swift */,
				771DE8F0245C847200C4F68E /* DetailView.swift */,
				771DE8E0245C831F00C4F68E /* Assets.xcassets */,
				771DE8E5245C831F00C4F68E /* LaunchScreen.storyboard */,
				771DE8E8245C831F00C4F68E /* Info.plist */,
				771DE8E2245C831F00C4F68E /* Preview Content */,
			);
			path = ViewLifeCycleMethods;
			sourceTree = "<group>";
		};
		771DE8E2245C831F00C4F68E /* Preview Content */ = {
			isa = PBXGroup;
			children = (
				771DE8E3245C831F00C4F68E /* Preview Assets.xcassets */,
			);
			path = "Preview Content";
			sourceTree = "<group>";
		};
/* End PBXGroup section */

/* Begin PBXNativeTarget section */
		771DE8D6245C831700C4F68E /* ViewLifeCycleMethods */ = {
			isa = PBXNativeTarget;
			buildConfigurationList = 771DE8EB245C831F00C4F68E /* Build configuration list for PBXNativeTarget "ViewLifeCycleMethods" */;
			buildPhases = (
				771DE8D3245C831700C4F68E /* Sources */,
				771DE8D4245C831700C4F68E /* Frameworks */,
				771DE8D5245C831700C4F68E /* Resources */,
			);
			buildRules = (
			);
			dependencies = (
			);
			name = ViewLifeCycleMethods;
			productName = ViewLifeCycleMethods;
			productReference = 771DE8D7245C831700C4F68E /* ViewLifeCycleMethods.app */;
			productType = "com.apple.product-type.application";
		};
/* End PBXNativeTarget section */

/* Begin PBXProject section */
		771DE8CF245C831700C4F68E /* Project object */ = {
			isa = PBXProject;
			attributes = {
				LastSwiftUpdateCheck = 1140;
				LastUpgradeCheck = 1140;
				ORGANIZATIONNAME = "Mallow Technologies Private Limited";
				TargetAttributes = {
					771DE8D6245C831700C4F68E = {
						CreatedOnToolsVersion = 11.4.1;
					};
				};
			};
			buildConfigurationList = 771DE8D2245C831700C4F68E /* Build configuration list for PBXProject "ViewLifeCycleMethods" */;
			compatibilityVersion = "Xcode 9.3";
			developmentRegion = en;
			hasScannedForEncodings = 0;
			knownRegions = (
				en,
				Base,
			);
			mainGroup = 771DE8CE245C831700C4F68E;
			productRefGroup = 771DE8D8245C831700C4F68E /* Products */;
			projectDirPath = "";
			projectRoot = "";
			targets = (
				771DE8D6245C831700C4F68E /* ViewLifeCycleMethods */,
			);
		};
/* End PBXProject section */

/* Begin PBXResourcesBuildPhase section */
		771DE8D5245C831700C4F68E /* Resources */ = {
			isa = PBXResourcesBuildPhase;
			buildActionMask = 2147483647;
			files = (
				771DE8E7245C831F00C4F68E /* LaunchScreen.storyboard in Resources */,
				771DE8E4245C831F00C4F68E /* Preview Assets.xcassets in Resources */,
				771DE8E1245C831F00C4F68E /* Assets.xcassets in Resources */,
			);
			runOnlyForDeploymentPostprocessing = 0;
		};
/* End PBXResourcesBuildPhase section */

/* Begin PBXSourcesBuildPhase section */
		771DE8D3245C831700C4F68E /* Sources */ = {
			isa = PBXSourcesBuildPhase;
			buildActionMask = 2147483647;
			files = (
				7769A6BA245C8F97001BF462 /* DashboardView.swift in Sources */,
				771DE8DB245C831700C4F68E /* AppDelegate.swift in Sources */,
				771DE8DD245C831700C4F68E /* SceneDelegate.swift in Sources */,
				7769A6BC245C8FFA001BF462 /* NewsView.swift in Sources */,
				771DE8F1245C847200C4F68E /* DetailView.swift in Sources */,
				771DE8DF245C831700C4F68E /* ContentView.swift in Sources */,
			);
			runOnlyForDeploymentPostprocessing = 0;
		};
/* End PBXSourcesBuildPhase section */

/* Begin PBXVariantGroup section */
		771DE8E5245C831F00C4F68E /* LaunchScreen.storyboard */ = {
			isa = PBXVariantGroup;
			children = (
				771DE8E6245C831F00C4F68E /* Base */,
			);
			name = LaunchScreen.storyboard;
			sourceTree = "<group>";
		};
/* End PBXVariantGroup section */

/* Begin XCBuildConfiguration section */
		771DE8E9245C831F00C4F68E /* Debug */ = {
			isa = XCBuildConfiguration;
			buildSettings = {
				ALWAYS_SEARCH_USER_PATHS = NO;
				CLANG_ANALYZER_NONNULL = YES;
				CLANG_ANALYZER_NUMBER_OBJECT_CONVERSION = YES_AGGRESSIVE;
				CLANG_CXX_LANGUAGE_STANDARD = "gnu++14";
				CLANG_CXX_LIBRARY = "libc++";
				CLANG_ENABLE_MODULES = YES;
				CLANG_ENABLE_OBJC_ARC = YES;
				CLANG_ENABLE_OBJC_WEAK = YES;
				CLANG_WARN_BLOCK_CAPTURE_AUTORELEASING = YES;
				CLANG_WARN_BOOL_CONVERSION = YES;
				CLANG_WARN_COMMA = YES;
				CLANG_WARN_CONSTANT_CONVERSION = YES;
				CLANG_WARN_DEPRECATED_OBJC_IMPLEMENTATIONS = YES;
				CLANG_WARN_DIRECT_OBJC_ISA_USAGE = YES_ERROR;
				CLANG_WARN_DOCUMENTATION_COMMENTS = YES;
				CLANG_WARN_EMPTY_BODY = YES;
				CLANG_WARN_ENUM_CONVERSION = YES;
				CLANG_WARN_INFINITE_RECURSION = YES;
				CLANG_WARN_INT_CONVERSION = YES;
				CLANG_WARN_NON_LITERAL_NULL_CONVERSION = YES;
				CLANG_WARN_OBJC_IMPLICIT_RETAIN_SELF = YES;
				CLANG_WARN_OBJC_LITERAL_CONVERSION = YES;
				CLANG_WARN_OBJC_ROOT_CLASS = YES_ERROR;
				CLANG_WARN_RANGE_LOOP_ANALYSIS = YES;
				CLANG_WARN_STRICT_PROTOTYPES = YES;
				CLANG_WARN_SUSPICIOUS_MOVE = YES;
				CLANG_WARN_UNGUARDED_AVAILABILITY = YES_AGGRESSIVE;
				CLANG_WARN_UNREACHABLE_CODE = YES;
				CLANG_WARN__DUPLICATE_METHOD_MATCH = YES;
				COPY_PHASE_STRIP = NO;
				DEBUG_INFORMATION_FORMAT = dwarf;
				ENABLE_STRICT_OBJC_MSGSEND = YES;
				ENABLE_TESTABILITY = YES;
				GCC_C_LANGUAGE_STANDARD = gnu11;
				GCC_DYNAMIC_NO_PIC = NO;
				GCC_NO_COMMON_BLOCKS = YES;
				GCC_OPTIMIZATION_LEVEL = 0;
				GCC_PREPROCESSOR_DEFINITIONS = (
					"DEBUG=1",
					"$(inherited)",
				);
				GCC_WARN_64_TO_32_BIT_CONVERSION = YES;
				GCC_WARN_ABOUT_RETURN_TYPE = YES_ERROR;
				GCC_WARN_UNDECLARED_SELECTOR = YES;
				GCC_WARN_UNINITIALIZED_AUTOS = YES_AGGRESSIVE;
				GCC_WARN_UNUSED_FUNCTION = YES;
				GCC_WARN_UNUSED_VARIABLE = YES;
				IPHONEOS_DEPLOYMENT_TARGET = 13.4;
				MTL_ENABLE_DEBUG_INFO = INCLUDE_SOURCE;
				MTL_FAST_MATH = YES;
				ONLY_ACTIVE_ARCH = YES;
				SDKROOT = iphoneos;
				SWIFT_ACTIVE_COMPILATION_CONDITIONS = DEBUG;
				SWIFT_OPTIMIZATION_LEVEL = "-Onone";
			};
			name = Debug;
		};
		771DE8EA245C831F00C4F68E /* Release */ = {
			isa = XCBuildConfiguration;
			buildSettings = {
				ALWAYS_SEARCH_USER_PATHS = NO;
				CLANG_ANALYZER_NONNULL = YES;
				CLANG_ANALYZER_NUMBER_OBJECT_CONVERSION = YES_AGGRESSIVE;
				CLANG_CXX_LANGUAGE_STANDARD = "gnu++14";
				CLANG_CXX_LIBRARY = "libc++";
				CLANG_ENABLE_MODULES = YES;
				CLANG_ENABLE_OBJC_ARC = YES;
				CLANG_ENABLE_OBJC_WEAK = YES;
				CLANG_WARN_BLOCK_CAPTURE_AUTORELEASING = YES;
				CLANG_WARN_BOOL_CONVERSION = YES;
				CLANG_WARN_COMMA = YES;
				CLANG_WARN_CONSTANT_CONVERSION = YES;
				CLANG_WARN_DEPRECATED_OBJC_IMPLEMENTATIONS = YES;
				CLANG_WARN_DIRECT_OBJC_ISA_USAGE = YES_ERROR;
				CLANG_WARN_DOCUMENTATION_COMMENTS = YES;
				CLANG_WARN_EMPTY_BODY = YES;
				CLANG_WARN_ENUM_CONVERSION = YES;
				CLANG_WARN_INFINITE_RECURSION = YES;
				CLANG_WARN_INT_CONVERSION = YES;
				CLANG_WARN_NON_LITERAL_NULL_CONVERSION = YES;
				CLANG_WARN_OBJC_IMPLICIT_RETAIN_SELF = YES;
				CLANG_WARN_OBJC_LITERAL_CONVERSION = YES;
				CLANG_WARN_OBJC_ROOT_CLASS = YES_ERROR;
				CLANG_WARN_RANGE_LOOP_ANALYSIS = YES;
				CLANG_WARN_STRICT_PROTOTYPES = YES;
				CLANG_WARN_SUSPICIOUS_MOVE = YES;
				CLANG_WARN_UNGUARDED_AVAILABILITY = YES_AGGRESSIVE;
				CLANG_WARN_UNREACHABLE_CODE = YES;
				CLANG_WARN__DUPLICATE_METHOD_MATCH = YES;
				COPY_PHASE_STRIP = NO;
				DEBUG_INFORMATION_FORMAT = "dwarf-with-dsym";
				ENABLE_NS_ASSERTIONS = NO;
				ENABLE_STRICT_OBJC_MSGSEND = YES;
				GCC_C_LANGUAGE_STANDARD = gnu11;
				GCC_NO_COMMON_BLOCKS = YES;
				GCC_WARN_64_TO_32_BIT_CONVERSION = YES;
				GCC_WARN_ABOUT_RETURN_TYPE = YES_ERROR;
				GCC_WARN_UNDECLARED_SELECTOR = YES;
				GCC_WARN_UNINITIALIZED_AUTOS = YES_AGGRESSIVE;
				GCC_WARN_UNUSED_FUNCTION = YES;
				GCC_WARN_UNUSED_VARIABLE = YES;
				IPHONEOS_DEPLOYMENT_TARGET = 13.4;
				MTL_ENABLE_DEBUG_INFO = NO;
				MTL_FAST_MATH = YES;
				SDKROOT = iphoneos;
				SWIFT_COMPILATION_MODE = wholemodule;
				SWIFT_OPTIMIZATION_LEVEL = "-O";
				VALIDATE_PRODUCT = YES;
			};
			name = Release;
		};
		771DE8EC245C831F00C4F68E /* Debug */ = {
			isa = XCBuildConfiguration;
			buildSettings = {
				ASSETCATALOG_COMPILER_APPICON_NAME = AppIcon;
				CODE_SIGN_STYLE = Automatic;
				DEVELOPMENT_ASSET_PATHS = "\"ViewLifeCycleMethods/Preview Content\"";
				DEVELOPMENT_TEAM = S2C7F4L8G5;
				ENABLE_PREVIEWS = YES;
				INFOPLIST_FILE = ViewLifeCycleMethods/Info.plist;
				LD_RUNPATH_SEARCH_PATHS = (
					"$(inherited)",
					"@executable_path/Frameworks",
				);
				PRODUCT_BUNDLE_IDENTIFIER = com.swiftui.ViewLifeCycleMethods;
				PRODUCT_NAME = "$(TARGET_NAME)";
				SWIFT_VERSION = 5.0;
				TARGETED_DEVICE_FAMILY = "1,2";
			};
			name = Debug;
		};
		771DE8ED245C831F00C4F68E /* Release */ = {
			isa = XCBuildConfiguration;
			buildSettings = {
				ASSETCATALOG_COMPILER_APPICON_NAME = AppIcon;
				CODE_SIGN_STYLE = Automatic;
				DEVELOPMENT_ASSET_PATHS = "\"ViewLifeCycleMethods/Preview Content\"";
				DEVELOPMENT_TEAM = S2C7F4L8G5;
				ENABLE_PREVIEWS = YES;
				INFOPLIST_FILE = ViewLifeCycleMethods/Info.plist;
				LD_RUNPATH_SEARCH_PATHS = (
					"$(inherited)",
					"@executable_path/Frameworks",
				);
				PRODUCT_BUNDLE_IDENTIFIER = com.swiftui.ViewLifeCycleMethods;
				PRODUCT_NAME = "$(TARGET_NAME)";
				SWIFT_VERSION = 5.0;
				TARGETED_DEVICE_FAMILY = "1,2";
			};
			name = Release;
		};
/* End XCBuildConfiguration section */

/* Begin XCConfigurationList section */
		771DE8D2245C831700C4F68E /* Build configuration list for PBXProject "ViewLifeCycleMethods" */ = {
			isa = XCConfigurationList;
			buildConfigurations = (
				771DE8E9245C831F00C4F68E /* Debug */,
				771DE8EA245C831F00C4F68E /* Release */,
			);
			defaultConfigurationIsVisible = 0;
			defaultConfigurationName = Release;
		};
		771DE8EB245C831F00C4F68E /* Build configuration list for PBXNativeTarget "ViewLifeCycleMethods" */ = {
			isa = XCConfigurationList;
			buildConfigurations = (
				771DE8EC245C831F00C4F68E /* Debug */,
				771DE8ED245C831F00C4F68E /* Release */,
			);
			defaultConfigurationIsVisible = 0;
			defaultConfigurationName = Release;
		};
/* End XCConfigurationList section */
	};
	rootObject = 771DE8CF245C831700C4F68E /* Project object */;
}
